// !$*UTF8*$!
{
	archiveVersion = 1;
	classes = {
	};
	objectVersion = 46;
	objects = {

/* Begin PBXBuildFile section */
		0A95BCF7BD624E9A97A9EA06 /* Pods_CokeStudio.framework in Frameworks */ = {isa = PBXBuildFile; fileRef = B4F2BAECF13AF5E3EAEA58A3 /* Pods_CokeStudio.framework */; };
		D44C6F0B1E7D225700B4CC9C /* AppDelegate.swift in Sources */ = {isa = PBXBuildFile; fileRef = D44C6F0A1E7D225700B4CC9C /* AppDelegate.swift */; };
		D44C6F0D1E7D225700B4CC9C /* ViewController.swift in Sources */ = {isa = PBXBuildFile; fileRef = D44C6F0C1E7D225700B4CC9C /* ViewController.swift */; };
		D44C6F101E7D225700B4CC9C /* Main.storyboard in Resources */ = {isa = PBXBuildFile; fileRef = D44C6F0E1E7D225700B4CC9C /* Main.storyboard */; };
		D44C6F121E7D225700B4CC9C /* Assets.xcassets in Resources */ = {isa = PBXBuildFile; fileRef = D44C6F111E7D225700B4CC9C /* Assets.xcassets */; };
		D44C6F151E7D225700B4CC9C /* LaunchScreen.storyboard in Resources */ = {isa = PBXBuildFile; fileRef = D44C6F131E7D225700B4CC9C /* LaunchScreen.storyboard */; };
		D44C6F211E7D234700B4CC9C /* Constants.swift in Sources */ = {isa = PBXBuildFile; fileRef = D44C6F1D1E7D234700B4CC9C /* Constants.swift */; };
		D44C6F221E7D234700B4CC9C /* Utility.swift in Sources */ = {isa = PBXBuildFile; fileRef = D44C6F1E1E7D234700B4CC9C /* Utility.swift */; };
		D44C6F231E7D234700B4CC9C /* WebServiceHandler.swift in Sources */ = {isa = PBXBuildFile; fileRef = D44C6F201E7D234700B4CC9C /* WebServiceHandler.swift */; };
		D44C6F271E7D265500B4CC9C /* MusicInformation.swift in Sources */ = {isa = PBXBuildFile; fileRef = D44C6F261E7D265500B4CC9C /* MusicInformation.swift */; };
		D44C6F2B1E7D270000B4CC9C /* MusicInformationBusinessLayer.swift in Sources */ = {isa = PBXBuildFile; fileRef = D44C6F2A1E7D270000B4CC9C /* MusicInformationBusinessLayer.swift */; };
/* End PBXBuildFile section */

/* Begin PBXFileReference section */
		464DC32DC719EA8FBE22CCEA /* Pods-CokeStudio.release.xcconfig */ = {isa = PBXFileReference; includeInIndex = 1; lastKnownFileType = text.xcconfig; name = "Pods-CokeStudio.release.xcconfig"; path = "Pods/Target Support Files/Pods-CokeStudio/Pods-CokeStudio.release.xcconfig"; sourceTree = "<group>"; };
		A40658F3F62E754870F387FE /* Pods-CokeStudio.debug.xcconfig */ = {isa = PBXFileReference; includeInIndex = 1; lastKnownFileType = text.xcconfig; name = "Pods-CokeStudio.debug.xcconfig"; path = "Pods/Target Support Files/Pods-CokeStudio/Pods-CokeStudio.debug.xcconfig"; sourceTree = "<group>"; };
		B4F2BAECF13AF5E3EAEA58A3 /* Pods_CokeStudio.framework */ = {isa = PBXFileReference; explicitFileType = wrapper.framework; includeInIndex = 0; path = Pods_CokeStudio.framework; sourceTree = BUILT_PRODUCTS_DIR; };
		D44C6F071E7D225600B4CC9C /* CokeStudio.app */ = {isa = PBXFileReference; explicitFileType = wrapper.application; includeInIndex = 0; path = CokeStudio.app; sourceTree = BUILT_PRODUCTS_DIR; };
		D44C6F0A1E7D225700B4CC9C /* AppDelegate.swift */ = {isa = PBXFileReference; lastKnownFileType = sourcecode.swift; path = AppDelegate.swift; sourceTree = "<group>"; };
		D44C6F0C1E7D225700B4CC9C /* ViewController.swift */ = {isa = PBXFileReference; lastKnownFileType = sourcecode.swift; path = ViewController.swift; sourceTree = "<group>"; };
		D44C6F0F1E7D225700B4CC9C /* Base */ = {isa = PBXFileReference; lastKnownFileType = file.storyboard; name = Base; path = Base.lproj/Main.storyboard; sourceTree = "<group>"; };
		D44C6F111E7D225700B4CC9C /* Assets.xcassets */ = {isa = PBXFileReference; lastKnownFileType = folder.assetcatalog; path = Assets.xcassets; sourceTree = "<group>"; };
		D44C6F141E7D225700B4CC9C /* Base */ = {isa = PBXFileReference; lastKnownFileType = file.storyboard; name = Base; path = Base.lproj/LaunchScreen.storyboard; sourceTree = "<group>"; };
		D44C6F161E7D225700B4CC9C /* Info.plist */ = {isa = PBXFileReference; lastKnownFileType = text.plist.xml; path = Info.plist; sourceTree = "<group>"; };
		D44C6F1D1E7D234700B4CC9C /* Constants.swift */ = {isa = PBXFileReference; fileEncoding = 4; lastKnownFileType = sourcecode.swift; path = Constants.swift; sourceTree = "<group>"; };
		D44C6F1E1E7D234700B4CC9C /* Utility.swift */ = {isa = PBXFileReference; fileEncoding = 4; lastKnownFileType = sourcecode.swift; path = Utility.swift; sourceTree = "<group>"; };
		D44C6F201E7D234700B4CC9C /* WebServiceHandler.swift */ = {isa = PBXFileReference; fileEncoding = 4; lastKnownFileType = sourcecode.swift; path = WebServiceHandler.swift; sourceTree = "<group>"; };
		D44C6F261E7D265500B4CC9C /* MusicInformation.swift */ = {isa = PBXFileReference; fileEncoding = 4; lastKnownFileType = sourcecode.swift; path = MusicInformation.swift; sourceTree = "<group>"; };
		D44C6F2A1E7D270000B4CC9C /* MusicInformationBusinessLayer.swift */ = {isa = PBXFileReference; fileEncoding = 4; lastKnownFileType = sourcecode.swift; path = MusicInformationBusinessLayer.swift; sourceTree = "<group>"; };
/* End PBXFileReference section */

/* Begin PBXFrameworksBuildPhase section */
		D44C6F041E7D225600B4CC9C /* Frameworks */ = {
			isa = PBXFrameworksBuildPhase;
			buildActionMask = 2147483647;
			files = (
				0A95BCF7BD624E9A97A9EA06 /* Pods_CokeStudio.framework in Frameworks */,
			);
			runOnlyForDeploymentPostprocessing = 0;
		};
/* End PBXFrameworksBuildPhase section */

/* Begin PBXGroup section */
		27FB1FE79451AE00F4C6F6D9 /* Frameworks */ = {
			isa = PBXGroup;
			children = (
				B4F2BAECF13AF5E3EAEA58A3 /* Pods_CokeStudio.framework */,
			);
			name = Frameworks;
			sourceTree = "<group>";
		};
		D44C6EFE1E7D225600B4CC9C = {
			isa = PBXGroup;
			children = (
				D44C6F091E7D225600B4CC9C /* CokeStudio */,
				D44C6F081E7D225600B4CC9C /* Products */,
				F23D752063DF29A07D535FC3 /* Pods */,
				27FB1FE79451AE00F4C6F6D9 /* Frameworks */,
			);
			sourceTree = "<group>";
		};
		D44C6F081E7D225600B4CC9C /* Products */ = {
			isa = PBXGroup;
			children = (
				D44C6F071E7D225600B4CC9C /* CokeStudio.app */,
			);
			name = Products;
			sourceTree = "<group>";
		};
		D44C6F091E7D225600B4CC9C /* CokeStudio */ = {
			isa = PBXGroup;
			children = (
				D44C6F281E7D26EF00B4CC9C /* Business Layer */,
				D44C6F241E7D23F400B4CC9C /* Model */,
				D44C6F1C1E7D234700B4CC9C /* Utilities */,
				D44C6F0A1E7D225700B4CC9C /* AppDelegate.swift */,
				D44C6F0C1E7D225700B4CC9C /* ViewController.swift */,
				D44C6F0E1E7D225700B4CC9C /* Main.storyboard */,
				D44C6F111E7D225700B4CC9C /* Assets.xcassets */,
				D44C6F131E7D225700B4CC9C /* LaunchScreen.storyboard */,
				D44C6F161E7D225700B4CC9C /* Info.plist */,
			);
			path = CokeStudio;
			sourceTree = "<group>";
		};
		D44C6F1C1E7D234700B4CC9C /* Utilities */ = {
			isa = PBXGroup;
			children = (
				D44C6F1D1E7D234700B4CC9C /* Constants.swift */,
				D44C6F1E1E7D234700B4CC9C /* Utility.swift */,
				D44C6F1F1E7D234700B4CC9C /* WebService Handler */,
			);
			path = Utilities;
			sourceTree = "<group>";
		};
		D44C6F1F1E7D234700B4CC9C /* WebService Handler */ = {
			isa = PBXGroup;
			children = (
				D44C6F201E7D234700B4CC9C /* WebServiceHandler.swift */,
			);
			path = "WebService Handler";
			sourceTree = "<group>";
		};
		D44C6F241E7D23F400B4CC9C /* Model */ = {
			isa = PBXGroup;
			children = (
				D44C6F251E7D23F400B4CC9C /* Music information */,
			);
			path = Model;
			sourceTree = "<group>";
		};
		D44C6F251E7D23F400B4CC9C /* Music information */ = {
			isa = PBXGroup;
			children = (
				D44C6F261E7D265500B4CC9C /* MusicInformation.swift */,
			);
			path = "Music information";
			sourceTree = "<group>";
		};
		D44C6F281E7D26EF00B4CC9C /* Business Layer */ = {
			isa = PBXGroup;
			children = (
				D44C6F291E7D26EF00B4CC9C /* Music Information Business Layer */,
			);
			path = "Business Layer";
			sourceTree = "<group>";
		};
		D44C6F291E7D26EF00B4CC9C /* Music Information Business Layer */ = {
			isa = PBXGroup;
			children = (
				D44C6F2A1E7D270000B4CC9C /* MusicInformationBusinessLayer.swift */,
			);
			path = "Music Information Business Layer";
			sourceTree = "<group>";
		};
		F23D752063DF29A07D535FC3 /* Pods */ = {
			isa = PBXGroup;
			children = (
				A40658F3F62E754870F387FE /* Pods-CokeStudio.debug.xcconfig */,
				464DC32DC719EA8FBE22CCEA /* Pods-CokeStudio.release.xcconfig */,
			);
			name = Pods;
			sourceTree = "<group>";
		};
/* End PBXGroup section */

/* Begin PBXNativeTarget section */
		D44C6F061E7D225600B4CC9C /* CokeStudio */ = {
			isa = PBXNativeTarget;
			buildConfigurationList = D44C6F191E7D225700B4CC9C /* Build configuration list for PBXNativeTarget "CokeStudio" */;
			buildPhases = (
				F54F29E16D20AF45B45CAD43 /* [CP] Check Pods Manifest.lock */,
				D44C6F031E7D225600B4CC9C /* Sources */,
				D44C6F041E7D225600B4CC9C /* Frameworks */,
				D44C6F051E7D225600B4CC9C /* Resources */,
				16D6058EBC439D1743F56BF4 /* [CP] Embed Pods Frameworks */,
				298576D84686DE5564A0BC08 /* [CP] Copy Pods Resources */,
			);
			buildRules = (
			);
			dependencies = (
			);
			name = CokeStudio;
			productName = CokeStudio;
			productReference = D44C6F071E7D225600B4CC9C /* CokeStudio.app */;
			productType = "com.apple.product-type.application";
		};
/* End PBXNativeTarget section */

/* Begin PBXProject section */
		D44C6EFF1E7D225600B4CC9C /* Project object */ = {
			isa = PBXProject;
			attributes = {
				LastSwiftUpdateCheck = 0820;
				LastUpgradeCheck = 0820;
				ORGANIZATIONNAME = "Pardeep chaudhary";
				TargetAttributes = {
					D44C6F061E7D225600B4CC9C = {
						CreatedOnToolsVersion = 8.2.1;
						ProvisioningStyle = Automatic;
					};
				};
			};
			buildConfigurationList = D44C6F021E7D225600B4CC9C /* Build configuration list for PBXProject "CokeStudio" */;
			compatibilityVersion = "Xcode 3.2";
			developmentRegion = English;
			hasScannedForEncodings = 0;
			knownRegions = (
				en,
				Base,
			);
			mainGroup = D44C6EFE1E7D225600B4CC9C;
			productRefGroup = D44C6F081E7D225600B4CC9C /* Products */;
			projectDirPath = "";
			projectRoot = "";
			targets = (
				D44C6F061E7D225600B4CC9C /* CokeStudio */,
			);
		};
/* End PBXProject section */

/* Begin PBXResourcesBuildPhase section */
		D44C6F051E7D225600B4CC9C /* Resources */ = {
			isa = PBXResourcesBuildPhase;
			buildActionMask = 2147483647;
			files = (
				D44C6F151E7D225700B4CC9C /* LaunchScreen.storyboard in Resources */,
				D44C6F121E7D225700B4CC9C /* Assets.xcassets in Resources */,
				D44C6F101E7D225700B4CC9C /* Main.storyboard in Resources */,
			);
			runOnlyForDeploymentPostprocessing = 0;
		};
/* End PBXResourcesBuildPhase section */

/* Begin PBXShellScriptBuildPhase section */
		16D6058EBC439D1743F56BF4 /* [CP] Embed Pods Frameworks */ = {
			isa = PBXShellScriptBuildPhase;
			buildActionMask = 2147483647;
			files = (
			);
			inputPaths = (
			);
			name = "[CP] Embed Pods Frameworks";
			outputPaths = (
			);
			runOnlyForDeploymentPostprocessing = 0;
			shellPath = /bin/sh;
			shellScript = "\"${SRCROOT}/Pods/Target Support Files/Pods-CokeStudio/Pods-CokeStudio-frameworks.sh\"\n";
			showEnvVarsInLog = 0;
		};
		298576D84686DE5564A0BC08 /* [CP] Copy Pods Resources */ = {
			isa = PBXShellScriptBuildPhase;
			buildActionMask = 2147483647;
			files = (
			);
			inputPaths = (
			);
			name = "[CP] Copy Pods Resources";
			outputPaths = (
			);
			runOnlyForDeploymentPostprocessing = 0;
			shellPath = /bin/sh;
			shellScript = "\"${SRCROOT}/Pods/Target Support Files/Pods-CokeStudio/Pods-CokeStudio-resources.sh\"\n";
			showEnvVarsInLog = 0;
		};
		F54F29E16D20AF45B45CAD43 /* [CP] Check Pods Manifest.lock */ = {
			isa = PBXShellScriptBuildPhase;
			buildActionMask = 2147483647;
			files = (
			);
			inputPaths = (
			);
			name = "[CP] Check Pods Manifest.lock";
			outputPaths = (
			);
			runOnlyForDeploymentPostprocessing = 0;
			shellPath = /bin/sh;
			shellScript = "diff \"${PODS_ROOT}/../Podfile.lock\" \"${PODS_ROOT}/Manifest.lock\" > /dev/null\nif [ $? != 0 ] ; then\n    # print error to STDERR\n    echo \"error: The sandbox is not in sync with the Podfile.lock. Run 'pod install' or update your CocoaPods installation.\" >&2\n    exit 1\nfi\n";
			showEnvVarsInLog = 0;
		};
/* End PBXShellScriptBuildPhase section */

/* Begin PBXSourcesBuildPhase section */
		D44C6F031E7D225600B4CC9C /* Sources */ = {
			isa = PBXSourcesBuildPhase;
			buildActionMask = 2147483647;
			files = (
				D44C6F221E7D234700B4CC9C /* Utility.swift in Sources */,
				D44C6F0D1E7D225700B4CC9C /* ViewController.swift in Sources */,
				D44C6F231E7D234700B4CC9C /* WebServiceHandler.swift in Sources */,
				D44C6F0B1E7D225700B4CC9C /* AppDelegate.swift in Sources */,
				D44C6F211E7D234700B4CC9C /* Constants.swift in Sources */,
				D44C6F2B1E7D270000B4CC9C /* MusicInformationBusinessLayer.swift in Sources */,
				D44C6F271E7D265500B4CC9C /* MusicInformation.swift in Sources */,
			);
			runOnlyForDeploymentPostprocessing = 0;
		};
/* End PBXSourcesBuildPhase section */

/* Begin PBXVariantGroup section */
		D44C6F0E1E7D225700B4CC9C /* Main.storyboard */ = {
			isa = PBXVariantGroup;
			children = (
				D44C6F0F1E7D225700B4CC9C /* Base */,
			);
			name = Main.storyboard;
			sourceTree = "<group>";
		};
		D44C6F131E7D225700B4CC9C /* LaunchScreen.storyboard */ = {
			isa = PBXVariantGroup;
			children = (
				D44C6F141E7D225700B4CC9C /* Base */,
			);
			name = LaunchScreen.storyboard;
			sourceTree = "<group>";
		};
/* End PBXVariantGroup section */

/* Begin XCBuildConfiguration section */
		D44C6F171E7D225700B4CC9C /* Debug */ = {
			isa = XCBuildConfiguration;
			buildSettings = {
				ALWAYS_SEARCH_USER_PATHS = NO;
				CLANG_ANALYZER_NONNULL = YES;
				CLANG_CXX_LANGUAGE_STANDARD = "gnu++0x";
				CLANG_CXX_LIBRARY = "libc++";
				CLANG_ENABLE_MODULES = YES;
				CLANG_ENABLE_OBJC_ARC = YES;
				CLANG_WARN_BOOL_CONVERSION = YES;
				CLANG_WARN_CONSTANT_CONVERSION = YES;
				CLANG_WARN_DIRECT_OBJC_ISA_USAGE = YES_ERROR;
				CLANG_WARN_DOCUMENTATION_COMMENTS = YES;
				CLANG_WARN_EMPTY_BODY = YES;
				CLANG_WARN_ENUM_CONVERSION = YES;
				CLANG_WARN_INFINITE_RECURSION = YES;
				CLANG_WARN_INT_CONVERSION = YES;
				CLANG_WARN_OBJC_ROOT_CLASS = YES_ERROR;
				CLANG_WARN_SUSPICIOUS_MOVE = YES;
				CLANG_WARN_UNREACHABLE_CODE = YES;
				CLANG_WARN__DUPLICATE_METHOD_MATCH = YES;
				"CODE_SIGN_IDENTITY[sdk=iphoneos*]" = "iPhone Developer";
				COPY_PHASE_STRIP = NO;
				DEBUG_INFORMATION_FORMAT = dwarf;
				ENABLE_STRICT_OBJC_MSGSEND = YES;
				ENABLE_TESTABILITY = YES;
				GCC_C_LANGUAGE_STANDARD = gnu99;
				GCC_DYNAMIC_NO_PIC = NO;
				GCC_NO_COMMON_BLOCKS = YES;
				GCC_OPTIMIZATION_LEVEL = 0;
				GCC_PREPROCESSOR_DEFINITIONS = (
					"DEBUG=1",
					"$(inherited)",
				);
				GCC_WARN_64_TO_32_BIT_CONVERSION = YES;
				GCC_WARN_ABOUT_RETURN_TYPE = YES_ERROR;
				GCC_WARN_UNDECLARED_SELECTOR = YES;
				GCC_WARN_UNINITIALIZED_AUTOS = YES_AGGRESSIVE;
				GCC_WARN_UNUSED_FUNCTION = YES;
				GCC_WARN_UNUSED_VARIABLE = YES;
				IPHONEOS_DEPLOYMENT_TARGET = 10.2;
				MTL_ENABLE_DEBUG_INFO = YES;
				ONLY_ACTIVE_ARCH = YES;
				SDKROOT = iphoneos;
				SWIFT_ACTIVE_COMPILATION_CONDITIONS = DEBUG;
				SWIFT_OPTIMIZATION_LEVEL = "-Onone";
			};
			name = Debug;
		};
		D44C6F181E7D225700B4CC9C /* Release */ = {
			isa = XCBuildConfiguration;
			buildSettings = {
				ALWAYS_SEARCH_USER_PATHS = NO;
				CLANG_ANALYZER_NONNULL = YES;
				CLANG_CXX_LANGUAGE_STANDARD = "gnu++0x";
				CLANG_CXX_LIBRARY = "libc++";
				CLANG_ENABLE_MODULES = YES;
				CLANG_ENABLE_OBJC_ARC = YES;
				CLANG_WARN_BOOL_CONVERSION = YES;
				CLANG_WARN_CONSTANT_CONVERSION = YES;
				CLANG_WARN_DIRECT_OBJC_ISA_USAGE = YES_ERROR;
				CLANG_WARN_DOCUMENTATION_COMMENTS = YES;
				CLANG_WARN_EMPTY_BODY = YES;
				CLANG_WARN_ENUM_CONVERSION = YES;
				CLANG_WARN_INFINITE_RECURSION = YES;
				CLANG_WARN_INT_CONVERSION = YES;
				CLANG_WARN_OBJC_ROOT_CLASS = YES_ERROR;
				CLANG_WARN_SUSPICIOUS_MOVE = YES;
				CLANG_WARN_UNREACHABLE_CODE = YES;
				CLANG_WARN__DUPLICATE_METHOD_MATCH = YES;
				"CODE_SIGN_IDENTITY[sdk=iphoneos*]" = "iPhone Developer";
				COPY_PHASE_STRIP = NO;
				DEBUG_INFORMATION_FORMAT = "dwarf-with-dsym";
				ENABLE_NS_ASSERTIONS = NO;
				ENABLE_STRICT_OBJC_MSGSEND = YES;
				GCC_C_LANGUAGE_STANDARD = gnu99;
				GCC_NO_COMMON_BLOCKS = YES;
				GCC_WARN_64_TO_32_BIT_CONVERSION = YES;
				GCC_WARN_ABOUT_RETURN_TYPE = YES_ERROR;
				GCC_WARN_UNDECLARED_SELECTOR = YES;
				GCC_WARN_UNINITIALIZED_AUTOS = YES_AGGRESSIVE;
				GCC_WARN_UNUSED_FUNCTION = YES;
				GCC_WARN_UNUSED_VARIABLE = YES;
				IPHONEOS_DEPLOYMENT_TARGET = 10.2;
				MTL_ENABLE_DEBUG_INFO = NO;
				SDKROOT = iphoneos;
				SWIFT_OPTIMIZATION_LEVEL = "-Owholemodule";
				VALIDATE_PRODUCT = YES;
			};
			name = Release;
		};
		D44C6F1A1E7D225700B4CC9C /* Debug */ = {
			isa = XCBuildConfiguration;
			baseConfigurationReference = A40658F3F62E754870F387FE /* Pods-CokeStudio.debug.xcconfig */;
			buildSettings = {
				ASSETCATALOG_COMPILER_APPICON_NAME = AppIcon;
				INFOPLIST_FILE = CokeStudio/Info.plist;
				IPHONEOS_DEPLOYMENT_TARGET = 9.0;
				LD_RUNPATH_SEARCH_PATHS = "$(inherited) @executable_path/Frameworks";
				PRODUCT_BUNDLE_IDENTIFIER = com.programmingcrew.CokeStudio;
				PRODUCT_NAME = "$(TARGET_NAME)";
				SWIFT_VERSION = 3.0;
			};
			name = Debug;
		};
		D44C6F1B1E7D225700B4CC9C /* Release */ = {
			isa = XCBuildConfiguration;
			baseConfigurationReference = 464DC32DC719EA8FBE22CCEA /* Pods-CokeStudio.release.xcconfig */;
			buildSettings = {
				ASSETCATALOG_COMPILER_APPICON_NAME = AppIcon;
				INFOPLIST_FILE = CokeStudio/Info.plist;
				IPHONEOS_DEPLOYMENT_TARGET = 9.0;
				LD_RUNPATH_SEARCH_PATHS = "$(inherited) @executable_path/Frameworks";
				PRODUCT_BUNDLE_IDENTIFIER = com.programmingcrew.CokeStudio;
				PRODUCT_NAME = "$(TARGET_NAME)";
				SWIFT_VERSION = 3.0;
			};
			name = Release;
		};
/* End XCBuildConfiguration section */

/* Begin XCConfigurationList section */
		D44C6F021E7D225600B4CC9C /* Build configuration list for PBXProject "CokeStudio" */ = {
			isa = XCConfigurationList;
			buildConfigurations = (
				D44C6F171E7D225700B4CC9C /* Debug */,
				D44C6F181E7D225700B4CC9C /* Release */,
			);
			defaultConfigurationIsVisible = 0;
			defaultConfigurationName = Release;
		};
		D44C6F191E7D225700B4CC9C /* Build configuration list for PBXNativeTarget "CokeStudio" */ = {
			isa = XCConfigurationList;
			buildConfigurations = (
				D44C6F1A1E7D225700B4CC9C /* Debug */,
				D44C6F1B1E7D225700B4CC9C /* Release */,
			);
			defaultConfigurationIsVisible = 0;
			defaultConfigurationName = Release;
		};
/* End XCConfigurationList section */
	};
	rootObject = D44C6EFF1E7D225600B4CC9C /* Project object */;
}
